github.com/twotwotwo/sorts v0.0.0-20160814051341-bf5c1f2b8553 h1:DRC1ubdb3ZmyyIeCSTxjZIQAnpLPfKVgYrLETQuOPjo=
github.com/twotwotwo/sorts v0.0.0-20160814051341-bf5c1f2b8553/go.mod h1:Rj7Csq/tZ/egz+Ltc2IVpsA5309AmSMEswjkTZmq2Xc=
github.com/yourbasic/radix v0.0.0-20180308122924-cbe1cc82e907 h1:S5h7yNKStqF8CqFtgtMNMzk/lUI3p82LrX6h2BhlsTM=
github.com/yourbasic/radix v0.0.0-20180308122924-cbe1cc82e907/go.mod h1:/7Fy/4/OyrkguTf2i2pO4erUD/8QAlrlmXSdSJPu678=
golang.org/x/exp v0.0.0-20230522175609-2e198f4a06a1 h1:k/i9J1pBpvlfR+9QsetwPyERsqu1GIbi967PQMq3Ivc=
golang.org/x/exp v0.0.0-20230522175609-2e198f4a06a1/go.mod h1:V1LtkGg67GoY2N1AnLN78QLrzxkLyJw7RJb1gzOOz9w=
